
Microsoft Visual Studio Solution File, Format Version 12.00
# Visual Studio 15
VisualStudioVersion = 15.0.26730.16
MinimumVisualStudioVersion = 10.0.40219.1
Project("{FAE04EC0-301F-11D3-BF4B-00C04F79EFBC}") = "DroneLander.Android", "DroneLander\DroneLander.Android\DroneLander.Android.csproj", "{B3B46FE3-5250-4D8D-A368-CA1279576689}"
EndProject
Project("{FAE04EC0-301F-11D3-BF4B-00C04F79EFBC}") = "DroneLander", "DroneLander\DroneLander\DroneLander.csproj", "{4C8B3CCD-F3D1-4EDF-AAFB-4E32F1F25A37}"
EndProject
Project("{FAE04EC0-301F-11D3-BF4B-00C04F79EFBC}") = "DroneLander.UWP", "DroneLander\DroneLander.UWP\DroneLander.UWP.csproj", "{24BB2783-DEF4-4B85-9A35-F1026871D0F5}"
EndProject
Project("{FAE04EC0-301F-11D3-BF4B-00C04F79EFBC}") = "DroneLander.iOS", "DroneLander\DroneLander.iOS\DroneLander.iOS.csproj", "{4C3DF295-CAD6-4322-A4D3-B9F0D18357CC}"
EndProject
Global
	GlobalSection(SolutionConfigurationPlatforms) = preSolution
		Ad-Hoc|Any CPU = Ad-Hoc|Any CPU
		Ad-Hoc|ARM = Ad-Hoc|ARM
		Ad-Hoc|iPhone = Ad-Hoc|iPhone
		Ad-Hoc|iPhoneSimulator = Ad-Hoc|iPhoneSimulator
		Ad-Hoc|x64 = Ad-Hoc|x64
		Ad-Hoc|x86 = Ad-Hoc|x86
		AppStore|Any CPU = AppStore|Any CPU
		AppStore|ARM = AppStore|ARM
		AppStore|iPhone = AppStore|iPhone
		AppStore|iPhoneSimulator = AppStore|iPhoneSimulator
		AppStore|x64 = AppStore|x64
		AppStore|x86 = AppStore|x86
		Debug|Any CPU = Debug|Any CPU
		Debug|ARM = Debug|ARM
		Debug|iPhone = Debug|iPhone
		Debug|iPhoneSimulator = Debug|iPhoneSimulator
		Debug|x64 = Debug|x64
		Debug|x86 = Debug|x86
		Release|Any CPU = Release|Any CPU
		Release|ARM = Release|ARM
		Release|iPhone = Release|iPhone
		Release|iPhoneSimulator = Release|iPhoneSimulator
		Release|x64 = Release|x64
		Release|x86 = Release|x86
	EndGlobalSection
	GlobalSection(ProjectConfigurationPlatforms) = postSolution
		{B3B46FE3-5250-4D8D-A368-CA1279576689}.Ad-Hoc|Any CPU.ActiveCfg = Release|Any CPU
		{B3B46FE3-5250-4D8D-A368-CA1279576689}.Ad-Hoc|Any CPU.Build.0 = Release|Any CPU
		{B3B46FE3-5250-4D8D-A368-CA1279576689}.Ad-Hoc|Any CPU.Deploy.0 = Release|Any CPU
		{B3B46FE3-5250-4D8D-A368-CA1279576689}.Ad-Hoc|ARM.ActiveCfg = Release|Any CPU
		{B3B46FE3-5250-4D8D-A368-CA1279576689}.Ad-Hoc|ARM.Build.0 = Release|Any CPU
		{B3B46FE3-5250-4D8D-A368-CA1279576689}.Ad-Hoc|ARM.Deploy.0 = Release|Any CPU
		{B3B46FE3-5250-4D8D-A368-CA1279576689}.Ad-Hoc|iPhone.ActiveCfg = Release|Any CPU
		{B3B46FE3-5250-4D8D-A368-CA1279576689}.Ad-Hoc|iPhone.Build.0 = Release|Any CPU
		{B3B46FE3-5250-4D8D-A368-CA1279576689}.Ad-Hoc|iPhone.Deploy.0 = Release|Any CPU
		{B3B46FE3-5250-4D8D-A368-CA1279576689}.Ad-Hoc|iPhoneSimulator.ActiveCfg = Release|Any CPU
		{B3B46FE3-5250-4D8D-A368-CA1279576689}.Ad-Hoc|iPhoneSimulator.Build.0 = Release|Any CPU
		{B3B46FE3-5250-4D8D-A368-CA1279576689}.Ad-Hoc|iPhoneSimulator.Deploy.0 = Release|Any CPU
		{B3B46FE3-5250-4D8D-A368-CA1279576689}.Ad-Hoc|x64.ActiveCfg = Release|Any CPU
		{B3B46FE3-5250-4D8D-A368-CA1279576689}.Ad-Hoc|x64.Build.0 = Release|Any CPU
		{B3B46FE3-5250-4D8D-A368-CA1279576689}.Ad-Hoc|x64.Deploy.0 = Release|Any CPU
		{B3B46FE3-5250-4D8D-A368-CA1279576689}.Ad-Hoc|x86.ActiveCfg = Release|Any CPU
		{B3B46FE3-5250-4D8D-A368-CA1279576689}.Ad-Hoc|x86.Build.0 = Release|Any CPU
		{B3B46FE3-5250-4D8D-A368-CA1279576689}.Ad-Hoc|x86.Deploy.0 = Release|Any CPU
		{B3B46FE3-5250-4D8D-A368-CA1279576689}.AppStore|Any CPU.ActiveCfg = Release|Any CPU
		{B3B46FE3-5250-4D8D-A368-CA1279576689}.AppStore|Any CPU.Build.0 = Release|Any CPU
		{B3B46FE3-5250-4D8D-A368-CA1279576689}.AppStore|Any CPU.Deploy.0 = Release|Any CPU
		{B3B46FE3-5250-4D8D-A368-CA1279576689}.AppStore|ARM.ActiveCfg = Release|Any CPU
		{B3B46FE3-5250-4D8D-A368-CA1279576689}.AppStore|ARM.Build.0 = Release|Any CPU
		{B3B46FE3-5250-4D8D-A368-CA1279576689}.AppStore|ARM.Deploy.0 = Release|Any CPU
		{B3B46FE3-5250-4D8D-A368-CA1279576689}.AppStore|iPhone.ActiveCfg = Release|Any CPU
		{B3B46FE3-5250-4D8D-A368-CA1279576689}.AppStore|iPhone.Build.0 = Release|Any CPU
		{B3B46FE3-5250-4D8D-A368-CA1279576689}.AppStore|iPhone.Deploy.0 = Release|Any CPU
		{B3B46FE3-5250-4D8D-A368-CA1279576689}.AppStore|iPhoneSimulator.ActiveCfg = Release|Any CPU
		{B3B46FE3-5250-4D8D-A368-CA1279576689}.AppStore|iPhoneSimulator.Build.0 = Release|Any CPU
		{B3B46FE3-5250-4D8D-A368-CA1279576689}.AppStore|iPhoneSimulator.Deploy.0 = Release|Any CPU
		{B3B46FE3-5250-4D8D-A368-CA1279576689}.AppStore|x64.ActiveCfg = Release|Any CPU
		{B3B46FE3-5250-4D8D-A368-CA1279576689}.AppStore|x64.Build.0 = Release|Any CPU
		{B3B46FE3-5250-4D8D-A368-CA1279576689}.AppStore|x64.Deploy.0 = Release|Any CPU
		{B3B46FE3-5250-4D8D-A368-CA1279576689}.AppStore|x86.ActiveCfg = Release|Any CPU
		{B3B46FE3-5250-4D8D-A368-CA1279576689}.AppStore|x86.Build.0 = Release|Any CPU
		{B3B46FE3-5250-4D8D-A368-CA1279576689}.AppStore|x86.Deploy.0 = Release|Any CPU
		{B3B46FE3-5250-4D8D-A368-CA1279576689}.Debug|Any CPU.ActiveCfg = Debug|Any CPU
		{B3B46FE3-5250-4D8D-A368-CA1279576689}.Debug|Any CPU.Build.0 = Debug|Any CPU
		{B3B46FE3-5250-4D8D-A368-CA1279576689}.Debug|Any CPU.Deploy.0 = Debug|Any CPU
		{B3B46FE3-5250-4D8D-A368-CA1279576689}.Debug|ARM.ActiveCfg = Debug|Any CPU
		{B3B46FE3-5250-4D8D-A368-CA1279576689}.Debug|ARM.Build.0 = Debug|Any CPU
		{B3B46FE3-5250-4D8D-A368-CA1279576689}.Debug|ARM.Deploy.0 = Debug|Any CPU
		{B3B46FE3-5250-4D8D-A368-CA1279576689}.Debug|iPhone.ActiveCfg = Debug|Any CPU
		{B3B46FE3-5250-4D8D-A368-CA1279576689}.Debug|iPhone.Build.0 = Debug|Any CPU
		{B3B46FE3-5250-4D8D-A368-CA1279576689}.Debug|iPhone.Deploy.0 = Debug|Any CPU
		{B3B46FE3-5250-4D8D-A368-CA1279576689}.Debug|iPhoneSimulator.ActiveCfg = Debug|Any CPU
		{B3B46FE3-5250-4D8D-A368-CA1279576689}.Debug|iPhoneSimulator.Build.0 = Debug|Any CPU
		{B3B46FE3-5250-4D8D-A368-CA1279576689}.Debug|iPhoneSimulator.Deploy.0 = Debug|Any CPU
		{B3B46FE3-5250-4D8D-A368-CA1279576689}.Debug|x64.ActiveCfg = Debug|Any CPU
		{B3B46FE3-5250-4D8D-A368-CA1279576689}.Debug|x64.Build.0 = Debug|Any CPU
		{B3B46FE3-5250-4D8D-A368-CA1279576689}.Debug|x64.Deploy.0 = Debug|Any CPU
		{B3B46FE3-5250-4D8D-A368-CA1279576689}.Debug|x86.ActiveCfg = Debug|Any CPU
		{B3B46FE3-5250-4D8D-A368-CA1279576689}.Debug|x86.Build.0 = Debug|Any CPU
		{B3B46FE3-5250-4D8D-A368-CA1279576689}.Debug|x86.Deploy.0 = Debug|Any CPU
		{B3B46FE3-5250-4D8D-A368-CA1279576689}.Release|Any CPU.ActiveCfg = Release|Any CPU
		{B3B46FE3-5250-4D8D-A368-CA1279576689}.Release|Any CPU.Build.0 = Release|Any CPU
		{B3B46FE3-5250-4D8D-A368-CA1279576689}.Release|Any CPU.Deploy.0 = Release|Any CPU
		{B3B46FE3-5250-4D8D-A368-CA1279576689}.Release|ARM.ActiveCfg = Release|Any CPU
		{B3B46FE3-5250-4D8D-A368-CA1279576689}.Release|ARM.Build.0 = Release|Any CPU
		{B3B46FE3-5250-4D8D-A368-CA1279576689}.Release|ARM.Deploy.0 = Release|Any CPU
		{B3B46FE3-5250-4D8D-A368-CA1279576689}.Release|iPhone.ActiveCfg = Release|Any CPU
		{B3B46FE3-5250-4D8D-A368-CA1279576689}.Release|iPhone.Build.0 = Release|Any CPU
		{B3B46FE3-5250-4D8D-A368-CA1279576689}.Release|iPhone.Deploy.0 = Release|Any CPU
		{B3B46FE3-5250-4D8D-A368-CA1279576689}.Release|iPhoneSimulator.ActiveCfg = Release|Any CPU
		{B3B46FE3-5250-4D8D-A368-CA1279576689}.Release|iPhoneSimulator.Build.0 = Release|Any CPU
		{B3B46FE3-5250-4D8D-A368-CA1279576689}.Release|iPhoneSimulator.Deploy.0 = Release|Any CPU
		{B3B46FE3-5250-4D8D-A368-CA1279576689}.Release|x64.ActiveCfg = Release|Any CPU
		{B3B46FE3-5250-4D8D-A368-CA1279576689}.Release|x64.Build.0 = Release|Any CPU
		{B3B46FE3-5250-4D8D-A368-CA1279576689}.Release|x64.Deploy.0 = Release|Any CPU
		{B3B46FE3-5250-4D8D-A368-CA1279576689}.Release|x86.ActiveCfg = Release|Any CPU
		{B3B46FE3-5250-4D8D-A368-CA1279576689}.Release|x86.Build.0 = Release|Any CPU
		{B3B46FE3-5250-4D8D-A368-CA1279576689}.Release|x86.Deploy.0 = Release|Any CPU
		{4C8B3CCD-F3D1-4EDF-AAFB-4E32F1F25A37}.Ad-Hoc|Any CPU.ActiveCfg = Release|Any CPU
		{4C8B3CCD-F3D1-4EDF-AAFB-4E32F1F25A37}.Ad-Hoc|Any CPU.Build.0 = Release|Any CPU
		{4C8B3CCD-F3D1-4EDF-AAFB-4E32F1F25A37}.Ad-Hoc|ARM.ActiveCfg = Release|Any CPU
		{4C8B3CCD-F3D1-4EDF-AAFB-4E32F1F25A37}.Ad-Hoc|ARM.Build.0 = Release|Any CPU
		{4C8B3CCD-F3D1-4EDF-AAFB-4E32F1F25A37}.Ad-Hoc|iPhone.ActiveCfg = Release|Any CPU
		{4C8B3CCD-F3D1-4EDF-AAFB-4E32F1F25A37}.Ad-Hoc|iPhone.Build.0 = Release|Any CPU
		{4C8B3CCD-F3D1-4EDF-AAFB-4E32F1F25A37}.Ad-Hoc|iPhoneSimulator.ActiveCfg = Release|Any CPU
		{4C8B3CCD-F3D1-4EDF-AAFB-4E32F1F25A37}.Ad-Hoc|iPhoneSimulator.Build.0 = Release|Any CPU
		{4C8B3CCD-F3D1-4EDF-AAFB-4E32F1F25A37}.Ad-Hoc|x64.ActiveCfg = Release|Any CPU
		{4C8B3CCD-F3D1-4EDF-AAFB-4E32F1F25A37}.Ad-Hoc|x64.Build.0 = Release|Any CPU
		{4C8B3CCD-F3D1-4EDF-AAFB-4E32F1F25A37}.Ad-Hoc|x86.ActiveCfg = Release|Any CPU
		{4C8B3CCD-F3D1-4EDF-AAFB-4E32F1F25A37}.Ad-Hoc|x86.Build.0 = Release|Any CPU
		{4C8B3CCD-F3D1-4EDF-AAFB-4E32F1F25A37}.AppStore|Any CPU.ActiveCfg = Release|Any CPU
		{4C8B3CCD-F3D1-4EDF-AAFB-4E32F1F25A37}.AppStore|Any CPU.Build.0 = Release|Any CPU
		{4C8B3CCD-F3D1-4EDF-AAFB-4E32F1F25A37}.AppStore|ARM.ActiveCfg = Release|Any CPU
		{4C8B3CCD-F3D1-4EDF-AAFB-4E32F1F25A37}.AppStore|ARM.Build.0 = Release|Any CPU
		{4C8B3CCD-F3D1-4EDF-AAFB-4E32F1F25A37}.AppStore|iPhone.ActiveCfg = Release|Any CPU
		{4C8B3CCD-F3D1-4EDF-AAFB-4E32F1F25A37}.AppStore|iPhone.Build.0 = Release|Any CPU
		{4C8B3CCD-F3D1-4EDF-AAFB-4E32F1F25A37}.AppStore|iPhoneSimulator.ActiveCfg = Release|Any CPU
		{4C8B3CCD-F3D1-4EDF-AAFB-4E32F1F25A37}.AppStore|iPhoneSimulator.Build.0 = Release|Any CPU
		{4C8B3CCD-F3D1-4EDF-AAFB-4E32F1F25A37}.AppStore|x64.ActiveCfg = Release|Any CPU
		{4C8B3CCD-F3D1-4EDF-AAFB-4E32F1F25A37}.AppStore|x64.Build.0 = Release|Any CPU
		{4C8B3CCD-F3D1-4EDF-AAFB-4E32F1F25A37}.AppStore|x86.ActiveCfg = Release|Any CPU
		{4C8B3CCD-F3D1-4EDF-AAFB-4E32F1F25A37}.AppStore|x86.Build.0 = Release|Any CPU
		{4C8B3CCD-F3D1-4EDF-AAFB-4E32F1F25A37}.Debug|Any CPU.ActiveCfg = Debug|Any CPU
		{4C8B3CCD-F3D1-4EDF-AAFB-4E32F1F25A37}.Debug|Any CPU.Build.0 = Debug|Any CPU
		{4C8B3CCD-F3D1-4EDF-AAFB-4E32F1F25A37}.Debug|ARM.ActiveCfg = Debug|Any CPU
		{4C8B3CCD-F3D1-4EDF-AAFB-4E32F1F25A37}.Debug|ARM.Build.0 = Debug|Any CPU
		{4C8B3CCD-F3D1-4EDF-AAFB-4E32F1F25A37}.Debug|iPhone.ActiveCfg = Debug|Any CPU
		{4C8B3CCD-F3D1-4EDF-AAFB-4E32F1F25A37}.Debug|iPhone.Build.0 = Debug|Any CPU
		{4C8B3CCD-F3D1-4EDF-AAFB-4E32F1F25A37}.Debug|iPhoneSimulator.ActiveCfg = Debug|Any CPU
		{4C8B3CCD-F3D1-4EDF-AAFB-4E32F1F25A37}.Debug|iPhoneSimulator.Build.0 = Debug|Any CPU
		{4C8B3CCD-F3D1-4EDF-AAFB-4E32F1F25A37}.Debug|x64.ActiveCfg = Debug|Any CPU
		{4C8B3CCD-F3D1-4EDF-AAFB-4E32F1F25A37}.Debug|x64.Build.0 = Debug|Any CPU
		{4C8B3CCD-F3D1-4EDF-AAFB-4E32F1F25A37}.Debug|x86.ActiveCfg = Debug|Any CPU
		{4C8B3CCD-F3D1-4EDF-AAFB-4E32F1F25A37}.Debug|x86.Build.0 = Debug|Any CPU
		{4C8B3CCD-F3D1-4EDF-AAFB-4E32F1F25A37}.Release|Any CPU.ActiveCfg = Release|Any CPU
		{4C8B3CCD-F3D1-4EDF-AAFB-4E32F1F25A37}.Release|Any CPU.Build.0 = Release|Any CPU
		{4C8B3CCD-F3D1-4EDF-AAFB-4E32F1F25A37}.Release|ARM.ActiveCfg = Release|Any CPU
		{4C8B3CCD-F3D1-4EDF-AAFB-4E32F1F25A37}.Release|ARM.Build.0 = Release|Any CPU
		{4C8B3CCD-F3D1-4EDF-AAFB-4E32F1F25A37}.Release|iPhone.ActiveCfg = Release|Any CPU
		{4C8B3CCD-F3D1-4EDF-AAFB-4E32F1F25A37}.Release|iPhone.Build.0 = Release|Any CPU
		{4C8B3CCD-F3D1-4EDF-AAFB-4E32F1F25A37}.Release|iPhoneSimulator.ActiveCfg = Release|Any CPU
		{4C8B3CCD-F3D1-4EDF-AAFB-4E32F1F25A37}.Release|iPhoneSimulator.Build.0 = Release|Any CPU
		{4C8B3CCD-F3D1-4EDF-AAFB-4E32F1F25A37}.Release|x64.ActiveCfg = Release|Any CPU
		{4C8B3CCD-F3D1-4EDF-AAFB-4E32F1F25A37}.Release|x64.Build.0 = Release|Any CPU
		{4C8B3CCD-F3D1-4EDF-AAFB-4E32F1F25A37}.Release|x86.ActiveCfg = Release|Any CPU
		{4C8B3CCD-F3D1-4EDF-AAFB-4E32F1F25A37}.Release|x86.Build.0 = Release|Any CPU
		{24BB2783-DEF4-4B85-9A35-F1026871D0F5}.Ad-Hoc|Any CPU.ActiveCfg = Release|x86
		{24BB2783-DEF4-4B85-9A35-F1026871D0F5}.Ad-Hoc|Any CPU.Build.0 = Release|x86
		{24BB2783-DEF4-4B85-9A35-F1026871D0F5}.Ad-Hoc|Any CPU.Deploy.0 = Release|x86
		{24BB2783-DEF4-4B85-9A35-F1026871D0F5}.Ad-Hoc|ARM.ActiveCfg = Release|ARM
		{24BB2783-DEF4-4B85-9A35-F1026871D0F5}.Ad-Hoc|ARM.Build.0 = Release|ARM
		{24BB2783-DEF4-4B85-9A35-F1026871D0F5}.Ad-Hoc|ARM.Deploy.0 = Release|ARM
		{24BB2783-DEF4-4B85-9A35-F1026871D0F5}.Ad-Hoc|iPhone.ActiveCfg = Release|x86
		{24BB2783-DEF4-4B85-9A35-F1026871D0F5}.Ad-Hoc|iPhone.Build.0 = Release|x86
		{24BB2783-DEF4-4B85-9A35-F1026871D0F5}.Ad-Hoc|iPhone.Deploy.0 = Release|x86
		{24BB2783-DEF4-4B85-9A35-F1026871D0F5}.Ad-Hoc|iPhoneSimulator.ActiveCfg = Release|x86
		{24BB2783-DEF4-4B85-9A35-F1026871D0F5}.Ad-Hoc|iPhoneSimulator.Build.0 = Release|x86
		{24BB2783-DEF4-4B85-9A35-F1026871D0F5}.Ad-Hoc|iPhoneSimulator.Deploy.0 = Release|x86
		{24BB2783-DEF4-4B85-9A35-F1026871D0F5}.Ad-Hoc|x64.ActiveCfg = Release|x64
		{24BB2783-DEF4-4B85-9A35-F1026871D0F5}.Ad-Hoc|x64.Build.0 = Release|x64
		{24BB2783-DEF4-4B85-9A35-F1026871D0F5}.Ad-Hoc|x64.Deploy.0 = Release|x64
		{24BB2783-DEF4-4B85-9A35-F1026871D0F5}.Ad-Hoc|x86.ActiveCfg = Release|x86
		{24BB2783-DEF4-4B85-9A35-F1026871D0F5}.Ad-Hoc|x86.Build.0 = Release|x86
		{24BB2783-DEF4-4B85-9A35-F1026871D0F5}.Ad-Hoc|x86.Deploy.0 = Release|x86
		{24BB2783-DEF4-4B85-9A35-F1026871D0F5}.AppStore|Any CPU.ActiveCfg = Release|x86
		{24BB2783-DEF4-4B85-9A35-F1026871D0F5}.AppStore|Any CPU.Build.0 = Release|x86
		{24BB2783-DEF4-4B85-9A35-F1026871D0F5}.AppStore|Any CPU.Deploy.0 = Release|x86
		{24BB2783-DEF4-4B85-9A35-F1026871D0F5}.AppStore|ARM.ActiveCfg = Release|ARM
		{24BB2783-DEF4-4B85-9A35-F1026871D0F5}.AppStore|ARM.Build.0 = Release|ARM
		{24BB2783-DEF4-4B85-9A35-F1026871D0F5}.AppStore|ARM.Deploy.0 = Release|ARM
		{24BB2783-DEF4-4B85-9A35-F1026871D0F5}.AppStore|iPhone.ActiveCfg = Release|x86
		{24BB2783-DEF4-4B85-9A35-F1026871D0F5}.AppStore|iPhone.Build.0 = Release|x86
		{24BB2783-DEF4-4B85-9A35-F1026871D0F5}.AppStore|iPhone.Deploy.0 = Release|x86
		{24BB2783-DEF4-4B85-9A35-F1026871D0F5}.AppStore|iPhoneSimulator.ActiveCfg = Release|x86
		{24BB2783-DEF4-4B85-9A35-F1026871D0F5}.AppStore|iPhoneSimulator.Build.0 = Release|x86
		{24BB2783-DEF4-4B85-9A35-F1026871D0F5}.AppStore|iPhoneSimulator.Deploy.0 = Release|x86
		{24BB2783-DEF4-4B85-9A35-F1026871D0F5}.AppStore|x64.ActiveCfg = Release|x64
		{24BB2783-DEF4-4B85-9A35-F1026871D0F5}.AppStore|x64.Build.0 = Release|x64
		{24BB2783-DEF4-4B85-9A35-F1026871D0F5}.AppStore|x64.Deploy.0 = Release|x64
		{24BB2783-DEF4-4B85-9A35-F1026871D0F5}.AppStore|x86.ActiveCfg = Release|x86
		{24BB2783-DEF4-4B85-9A35-F1026871D0F5}.AppStore|x86.Build.0 = Release|x86
		{24BB2783-DEF4-4B85-9A35-F1026871D0F5}.AppStore|x86.Deploy.0 = Release|x86
		{24BB2783-DEF4-4B85-9A35-F1026871D0F5}.Debug|Any CPU.ActiveCfg = Debug|x86
		{24BB2783-DEF4-4B85-9A35-F1026871D0F5}.Debug|ARM.ActiveCfg = Debug|ARM
		{24BB2783-DEF4-4B85-9A35-F1026871D0F5}.Debug|ARM.Build.0 = Debug|ARM
		{24BB2783-DEF4-4B85-9A35-F1026871D0F5}.Debug|ARM.Deploy.0 = Debug|ARM
		{24BB2783-DEF4-4B85-9A35-F1026871D0F5}.Debug|iPhone.ActiveCfg = Debug|x86
		{24BB2783-DEF4-4B85-9A35-F1026871D0F5}.Debug|iPhoneSimulator.ActiveCfg = Debug|x86
		{24BB2783-DEF4-4B85-9A35-F1026871D0F5}.Debug|x64.ActiveCfg = Debug|x64
		{24BB2783-DEF4-4B85-9A35-F1026871D0F5}.Debug|x64.Build.0 = Debug|x64
		{24BB2783-DEF4-4B85-9A35-F1026871D0F5}.Debug|x64.Deploy.0 = Debug|x64
		{24BB2783-DEF4-4B85-9A35-F1026871D0F5}.Debug|x86.ActiveCfg = Debug|x86
		{24BB2783-DEF4-4B85-9A35-F1026871D0F5}.Debug|x86.Build.0 = Debug|x86
		{24BB2783-DEF4-4B85-9A35-F1026871D0F5}.Debug|x86.Deploy.0 = Debug|x86
		{24BB2783-DEF4-4B85-9A35-F1026871D0F5}.Release|Any CPU.ActiveCfg = Release|x86
		{24BB2783-DEF4-4B85-9A35-F1026871D0F5}.Release|ARM.ActiveCfg = Release|ARM
		{24BB2783-DEF4-4B85-9A35-F1026871D0F5}.Release|ARM.Build.0 = Release|ARM
		{24BB2783-DEF4-4B85-9A35-F1026871D0F5}.Release|ARM.Deploy.0 = Release|ARM
		{24BB2783-DEF4-4B85-9A35-F1026871D0F5}.Release|iPhone.ActiveCfg = Release|x86
		{24BB2783-DEF4-4B85-9A35-F1026871D0F5}.Release|iPhoneSimulator.ActiveCfg = Release|x86
		{24BB2783-DEF4-4B85-9A35-F1026871D0F5}.Release|x64.ActiveCfg = Release|x64
		{24BB2783-DEF4-4B85-9A35-F1026871D0F5}.Release|x64.Build.0 = Release|x64
		{24BB2783-DEF4-4B85-9A35-F1026871D0F5}.Release|x64.Deploy.0 = Release|x64
		{24BB2783-DEF4-4B85-9A35-F1026871D0F5}.Release|x86.ActiveCfg = Release|x86
		{24BB2783-DEF4-4B85-9A35-F1026871D0F5}.Release|x86.Build.0 = Release|x86
		{24BB2783-DEF4-4B85-9A35-F1026871D0F5}.Release|x86.Deploy.0 = Release|x86
		{4C3DF295-CAD6-4322-A4D3-B9F0D18357CC}.Ad-Hoc|Any CPU.ActiveCfg = Ad-Hoc|iPhone
		{4C3DF295-CAD6-4322-A4D3-B9F0D18357CC}.Ad-Hoc|ARM.ActiveCfg = Ad-Hoc|iPhone
		{4C3DF295-CAD6-4322-A4D3-B9F0D18357CC}.Ad-Hoc|iPhone.ActiveCfg = Ad-Hoc|iPhone
		{4C3DF295-CAD6-4322-A4D3-B9F0D18357CC}.Ad-Hoc|iPhone.Build.0 = Ad-Hoc|iPhone
		{4C3DF295-CAD6-4322-A4D3-B9F0D18357CC}.Ad-Hoc|iPhoneSimulator.ActiveCfg = Ad-Hoc|iPhoneSimulator
		{4C3DF295-CAD6-4322-A4D3-B9F0D18357CC}.Ad-Hoc|iPhoneSimulator.Build.0 = Ad-Hoc|iPhoneSimulator
		{4C3DF295-CAD6-4322-A4D3-B9F0D18357CC}.Ad-Hoc|x64.ActiveCfg = Ad-Hoc|iPhone
		{4C3DF295-CAD6-4322-A4D3-B9F0D18357CC}.Ad-Hoc|x86.ActiveCfg = Ad-Hoc|iPhone
		{4C3DF295-CAD6-4322-A4D3-B9F0D18357CC}.AppStore|Any CPU.ActiveCfg = AppStore|iPhone
		{4C3DF295-CAD6-4322-A4D3-B9F0D18357CC}.AppStore|ARM.ActiveCfg = AppStore|iPhone
		{4C3DF295-CAD6-4322-A4D3-B9F0D18357CC}.AppStore|iPhone.ActiveCfg = AppStore|iPhone
		{4C3DF295-CAD6-4322-A4D3-B9F0D18357CC}.AppStore|iPhone.Build.0 = AppStore|iPhone
		{4C3DF295-CAD6-4322-A4D3-B9F0D18357CC}.AppStore|iPhoneSimulator.ActiveCfg = AppStore|iPhoneSimulator
		{4C3DF295-CAD6-4322-A4D3-B9F0D18357CC}.AppStore|iPhoneSimulator.Build.0 = AppStore|iPhoneSimulator
		{4C3DF295-CAD6-4322-A4D3-B9F0D18357CC}.AppStore|x64.ActiveCfg = AppStore|iPhone
		{4C3DF295-CAD6-4322-A4D3-B9F0D18357CC}.AppStore|x86.ActiveCfg = AppStore|iPhone
		{4C3DF295-CAD6-4322-A4D3-B9F0D18357CC}.Debug|Any CPU.ActiveCfg = Debug|iPhone
		{4C3DF295-CAD6-4322-A4D3-B9F0D18357CC}.Debug|ARM.ActiveCfg = Debug|iPhone
		{4C3DF295-CAD6-4322-A4D3-B9F0D18357CC}.Debug|iPhone.ActiveCfg = Debug|iPhone
		{4C3DF295-CAD6-4322-A4D3-B9F0D18357CC}.Debug|iPhone.Build.0 = Debug|iPhone
		{4C3DF295-CAD6-4322-A4D3-B9F0D18357CC}.Debug|iPhoneSimulator.ActiveCfg = Debug|iPhoneSimulator
		{4C3DF295-CAD6-4322-A4D3-B9F0D18357CC}.Debug|iPhoneSimulator.Build.0 = Debug|iPhoneSimulator
		{4C3DF295-CAD6-4322-A4D3-B9F0D18357CC}.Debug|x64.ActiveCfg = Debug|iPhone
		{4C3DF295-CAD6-4322-A4D3-B9F0D18357CC}.Debug|x86.ActiveCfg = Debug|iPhone
		{4C3DF295-CAD6-4322-A4D3-B9F0D18357CC}.Release|Any CPU.ActiveCfg = Release|iPhone
		{4C3DF295-CAD6-4322-A4D3-B9F0D18357CC}.Release|ARM.ActiveCfg = Release|iPhone
		{4C3DF295-CAD6-4322-A4D3-B9F0D18357CC}.Release|iPhone.ActiveCfg = Release|iPhone
		{4C3DF295-CAD6-4322-A4D3-B9F0D18357CC}.Release|iPhone.Build.0 = Release|iPhone
		{4C3DF295-CAD6-4322-A4D3-B9F0D18357CC}.Release|iPhoneSimulator.ActiveCfg = Release|iPhoneSimulator
		{4C3DF295-CAD6-4322-A4D3-B9F0D18357CC}.Release|iPhoneSimulator.Build.0 = Release|iPhoneSimulator
		{4C3DF295-CAD6-4322-A4D3-B9F0D18357CC}.Release|x64.ActiveCfg = Release|iPhone
		{4C3DF295-CAD6-4322-A4D3-B9F0D18357CC}.Release|x86.ActiveCfg = Release|iPhone
	EndGlobalSection
	GlobalSection(SolutionProperties) = preSolution
		HideSolutionNode = FALSE
	EndGlobalSection
	GlobalSection(ExtensibilityGlobals) = postSolution
		SolutionGuid = {E36BFAA2-98A9-4429-8B7E-4EB759BC23A6}
	EndGlobalSection
EndGlobal
